// !$*UTF8*$!
{
	archiveVersion = 1;
	classes = {
	};
	objectVersion = 46;
	objects = {

/* Begin PBXBuildFile section */
		C9ECE29C200ADD7400B618FB /* libsqlite3.tbd in Frameworks */ = {isa = PBXBuildFile; fileRef = C9ECE29B200ADD7400B618FB /* libsqlite3.tbd */; };
		C9ECE2A0200ADE1A00B618FB /* DataBase.m in Sources */ = {isa = PBXBuildFile; fileRef = C9ECE29F200ADE1A00B618FB /* DataBase.m */; };
		C9ECE2A4200ADFDD00B618FB /* radios.db in Resources */ = {isa = PBXBuildFile; fileRef = C9ECE2A3200ADFDD00B618FB /* radios.db */; };
		C9ECE2A6200AE4E300B618FB /* WebViewController.swift in Sources */ = {isa = PBXBuildFile; fileRef = C9ECE2A5200AE4E300B618FB /* WebViewController.swift */; };
		C9FE5D44200515AF004FEC9C /* AppDelegate.swift in Sources */ = {isa = PBXBuildFile; fileRef = C9FE5D43200515AF004FEC9C /* AppDelegate.swift */; };
		C9FE5D49200515AF004FEC9C /* Main.storyboard in Resources */ = {isa = PBXBuildFile; fileRef = C9FE5D47200515AF004FEC9C /* Main.storyboard */; };
		C9FE5D4E200515AF004FEC9C /* LaunchScreen.storyboard in Resources */ = {isa = PBXBuildFile; fileRef = C9FE5D4C200515AF004FEC9C /* LaunchScreen.storyboard */; };
		C9FE5D5620051622004FEC9C /* RadioListTableViewController.swift in Sources */ = {isa = PBXBuildFile; fileRef = C9FE5D5520051622004FEC9C /* RadioListTableViewController.swift */; };
		C9FE5D5820052483004FEC9C /* RadioDetalleViewController.swift in Sources */ = {isa = PBXBuildFile; fileRef = C9FE5D5720052483004FEC9C /* RadioDetalleViewController.swift */; };
		C9FE5D5920053778004FEC9C /* Assets.xcassets in Resources */ = {isa = PBXBuildFile; fileRef = C9FE5D4A200515AF004FEC9C /* Assets.xcassets */; };
/* End PBXBuildFile section */

/* Begin PBXFileReference section */
		C9ECE29B200ADD7400B618FB /* libsqlite3.tbd */ = {isa = PBXFileReference; lastKnownFileType = "sourcecode.text-based-dylib-definition"; name = libsqlite3.tbd; path = usr/lib/libsqlite3.tbd; sourceTree = SDKROOT; };
		C9ECE29D200ADE1900B618FB /* Tarea2_RadioApp-Bridging-Header.h */ = {isa = PBXFileReference; lastKnownFileType = sourcecode.c.h; path = "Tarea2_RadioApp-Bridging-Header.h"; sourceTree = "<group>"; };
		C9ECE29E200ADE1A00B618FB /* DataBase.h */ = {isa = PBXFileReference; fileEncoding = 4; lastKnownFileType = sourcecode.c.h; path = DataBase.h; sourceTree = "<group>"; };
		C9ECE29F200ADE1A00B618FB /* DataBase.m */ = {isa = PBXFileReference; fileEncoding = 4; lastKnownFileType = sourcecode.c.objc; path = DataBase.m; sourceTree = "<group>"; };
		C9ECE2A3200ADFDD00B618FB /* radios.db */ = {isa = PBXFileReference; lastKnownFileType = file; path = radios.db; sourceTree = "<group>"; };
		C9ECE2A5200AE4E300B618FB /* WebViewController.swift */ = {isa = PBXFileReference; fileEncoding = 4; lastKnownFileType = sourcecode.swift; path = WebViewController.swift; sourceTree = "<group>"; };
		C9FE5D40200515AF004FEC9C /* Tarea2_RadioApp.app */ = {isa = PBXFileReference; explicitFileType = wrapper.application; includeInIndex = 0; path = Tarea2_RadioApp.app; sourceTree = BUILT_PRODUCTS_DIR; };
		C9FE5D43200515AF004FEC9C /* AppDelegate.swift */ = {isa = PBXFileReference; lastKnownFileType = sourcecode.swift; path = AppDelegate.swift; sourceTree = "<group>"; };
		C9FE5D48200515AF004FEC9C /* Base */ = {isa = PBXFileReference; lastKnownFileType = file.storyboard; name = Base; path = Base.lproj/Main.storyboard; sourceTree = "<group>"; };
		C9FE5D4A200515AF004FEC9C /* Assets.xcassets */ = {isa = PBXFileReference; lastKnownFileType = folder.assetcatalog; name = Assets.xcassets; path = Tarea2_RadioApp/Assets.xcassets; sourceTree = SOURCE_ROOT; };
		C9FE5D4D200515AF004FEC9C /* Base */ = {isa = PBXFileReference; lastKnownFileType = file.storyboard; name = Base; path = Base.lproj/LaunchScreen.storyboard; sourceTree = "<group>"; };
		C9FE5D4F200515AF004FEC9C /* Info.plist */ = {isa = PBXFileReference; lastKnownFileType = text.plist.xml; path = Info.plist; sourceTree = "<group>"; };
		C9FE5D5520051622004FEC9C /* RadioListTableViewController.swift */ = {isa = PBXFileReference; fileEncoding = 4; lastKnownFileType = sourcecode.swift; path = RadioListTableViewController.swift; sourceTree = "<group>"; };
		C9FE5D5720052483004FEC9C /* RadioDetalleViewController.swift */ = {isa = PBXFileReference; fileEncoding = 4; lastKnownFileType = sourcecode.swift; path = RadioDetalleViewController.swift; sourceTree = "<group>"; };
/* End PBXFileReference section */

/* Begin PBXFrameworksBuildPhase section */
		C9FE5D3D200515AF004FEC9C /* Frameworks */ = {
			isa = PBXFrameworksBuildPhase;
			buildActionMask = 2147483647;
			files = (
				C9ECE29C200ADD7400B618FB /* libsqlite3.tbd in Frameworks */,
			);
			runOnlyForDeploymentPostprocessing = 0;
		};
/* End PBXFrameworksBuildPhase section */

/* Begin PBXGroup section */
		C9ECE29A200ADD7400B618FB /* Frameworks */ = {
			isa = PBXGroup;
			children = (
				C9ECE29B200ADD7400B618FB /* libsqlite3.tbd */,
				C9ECE29E200ADE1A00B618FB /* DataBase.h */,
				C9ECE29F200ADE1A00B618FB /* DataBase.m */,
				C9ECE29D200ADE1900B618FB /* Tarea2_RadioApp-Bridging-Header.h */,
				C9ECE2A3200ADFDD00B618FB /* radios.db */,
			);
			name = Frameworks;
			sourceTree = "<group>";
		};
		C9FE5D37200515AF004FEC9C = {
			isa = PBXGroup;
			children = (
				C9FE5D42200515AF004FEC9C /* Tarea2_RadioApp */,
				C9FE5D41200515AF004FEC9C /* Products */,
				C9ECE29A200ADD7400B618FB /* Frameworks */,
			);
			sourceTree = "<group>";
		};
		C9FE5D41200515AF004FEC9C /* Products */ = {
			isa = PBXGroup;
			children = (
				C9FE5D40200515AF004FEC9C /* Tarea2_RadioApp.app */,
			);
			name = Products;
			sourceTree = "<group>";
		};
		C9FE5D42200515AF004FEC9C /* Tarea2_RadioApp */ = {
			isa = PBXGroup;
			children = (
				C9FE5D43200515AF004FEC9C /* AppDelegate.swift */,
				C9FE5D47200515AF004FEC9C /* Main.storyboard */,
				C9FE5D4A200515AF004FEC9C /* Assets.xcassets */,
				C9FE5D4C200515AF004FEC9C /* LaunchScreen.storyboard */,
				C9FE5D4F200515AF004FEC9C /* Info.plist */,
				C9FE5D5520051622004FEC9C /* RadioListTableViewController.swift */,
				C9FE5D5720052483004FEC9C /* RadioDetalleViewController.swift */,
				C9ECE2A5200AE4E300B618FB /* WebViewController.swift */,
			);
			path = Tarea2_RadioApp;
			sourceTree = "<group>";
		};
/* End PBXGroup section */

/* Begin PBXNativeTarget section */
		C9FE5D3F200515AF004FEC9C /* Tarea2_RadioApp */ = {
			isa = PBXNativeTarget;
			buildConfigurationList = C9FE5D52200515AF004FEC9C /* Build configuration list for PBXNativeTarget "Tarea2_RadioApp" */;
			buildPhases = (
				C9FE5D3C200515AF004FEC9C /* Sources */,
				C9FE5D3D200515AF004FEC9C /* Frameworks */,
				C9FE5D3E200515AF004FEC9C /* Resources */,
			);
			buildRules = (
			);
			dependencies = (
			);
			name = Tarea2_RadioApp;
			productName = Tarea2_RadioApp;
			productReference = C9FE5D40200515AF004FEC9C /* Tarea2_RadioApp.app */;
			productType = "com.apple.product-type.application";
		};
/* End PBXNativeTarget section */

/* Begin PBXProject section */
		C9FE5D38200515AF004FEC9C /* Project object */ = {
			isa = PBXProject;
			attributes = {
				LastSwiftUpdateCheck = 0830;
				LastUpgradeCheck = 0830;
				ORGANIZATIONNAME = DigitalPark;
				TargetAttributes = {
					C9FE5D3F200515AF004FEC9C = {
						CreatedOnToolsVersion = 8.3.3;
						DevelopmentTeam = CTUTYD32Y3;
						LastSwiftMigration = 0830;
						ProvisioningStyle = Automatic;
					};
				};
			};
			buildConfigurationList = C9FE5D3B200515AF004FEC9C /* Build configuration list for PBXProject "Tarea2_RadioApp" */;
			compatibilityVersion = "Xcode 3.2";
			developmentRegion = English;
			hasScannedForEncodings = 0;
			knownRegions = (
				en,
				Base,
			);
			mainGroup = C9FE5D37200515AF004FEC9C;
			productRefGroup = C9FE5D41200515AF004FEC9C /* Products */;
			projectDirPath = "";
			projectRoot = "";
			targets = (
				C9FE5D3F200515AF004FEC9C /* Tarea2_RadioApp */,
			);
		};
/* End PBXProject section */

/* Begin PBXResourcesBuildPhase section */
		C9FE5D3E200515AF004FEC9C /* Resources */ = {
			isa = PBXResourcesBuildPhase;
			buildActionMask = 2147483647;
			files = (
				C9FE5D4E200515AF004FEC9C /* LaunchScreen.storyboard in Resources */,
				C9FE5D5920053778004FEC9C /* Assets.xcassets in Resources */,
				C9FE5D49200515AF004FEC9C /* Main.storyboard in Resources */,
				C9ECE2A4200ADFDD00B618FB /* radios.db in Resources */,
			);
			runOnlyForDeploymentPostprocessing = 0;
		};
/* End PBXResourcesBuildPhase section */

/* Begin PBXSourcesBuildPhase section */
		C9FE5D3C200515AF004FEC9C /* Sources */ = {
			isa = PBXSourcesBuildPhase;
			buildActionMask = 2147483647;
			files = (
				C9FE5D5820052483004FEC9C /* RadioDetalleViewController.swift in Sources */,
				C9FE5D5620051622004FEC9C /* RadioListTableViewController.swift in Sources */,
				C9ECE2A0200ADE1A00B618FB /* DataBase.m in Sources */,
				C9ECE2A6200AE4E300B618FB /* WebViewController.swift in Sources */,
				C9FE5D44200515AF004FEC9C /* AppDelegate.swift in Sources */,
			);
			runOnlyForDeploymentPostprocessing = 0;
		};
/* End PBXSourcesBuildPhase section */

/* Begin PBXVariantGroup section */
		C9FE5D47200515AF004FEC9C /* Main.storyboard */ = {
			isa = PBXVariantGroup;
			children = (
				C9FE5D48200515AF004FEC9C /* Base */,
			);
			name = Main.storyboard;
			sourceTree = "<group>";
		};
		C9FE5D4C200515AF004FEC9C /* LaunchScreen.storyboard */ = {
			isa = PBXVariantGroup;
			children = (
				C9FE5D4D200515AF004FEC9C /* Base */,
			);
			name = LaunchScreen.storyboard;
			sourceTree = "<group>";
		};
/* End PBXVariantGroup section */

/* Begin XCBuildConfiguration section */
		C9FE5D50200515AF004FEC9C /* Debug */ = {
			isa = XCBuildConfiguration;
			buildSettings = {
				ALWAYS_SEARCH_USER_PATHS = NO;
				CLANG_ANALYZER_NONNULL = YES;
				CLANG_ANALYZER_NUMBER_OBJECT_CONVERSION = YES_AGGRESSIVE;
				CLANG_CXX_LANGUAGE_STANDARD = "gnu++0x";
				CLANG_CXX_LIBRARY = "libc++";
				CLANG_ENABLE_MODULES = YES;
				CLANG_ENABLE_OBJC_ARC = YES;
				CLANG_WARN_BOOL_CONVERSION = YES;
				CLANG_WARN_CONSTANT_CONVERSION = YES;
				CLANG_WARN_DIRECT_OBJC_ISA_USAGE = YES_ERROR;
				CLANG_WARN_DOCUMENTATION_COMMENTS = YES;
				CLANG_WARN_EMPTY_BODY = YES;
				CLANG_WARN_ENUM_CONVERSION = YES;
				CLANG_WARN_INFINITE_RECURSION = YES;
				CLANG_WARN_INT_CONVERSION = YES;
				CLANG_WARN_OBJC_ROOT_CLASS = YES_ERROR;
				CLANG_WARN_SUSPICIOUS_MOVE = YES;
				CLANG_WARN_UNREACHABLE_CODE = YES;
				CLANG_WARN__DUPLICATE_METHOD_MATCH = YES;
				"CODE_SIGN_IDENTITY[sdk=iphoneos*]" = "iPhone Developer";
				COPY_PHASE_STRIP = NO;
				DEBUG_INFORMATION_FORMAT = dwarf;
				ENABLE_STRICT_OBJC_MSGSEND = YES;
				ENABLE_TESTABILITY = YES;
				GCC_C_LANGUAGE_STANDARD = gnu99;
				GCC_DYNAMIC_NO_PIC = NO;
				GCC_NO_COMMON_BLOCKS = YES;
				GCC_OPTIMIZATION_LEVEL = 0;
				GCC_PREPROCESSOR_DEFINITIONS = (
					"DEBUG=1",
					"$(inherited)",
				);
				GCC_WARN_64_TO_32_BIT_CONVERSION = YES;
				GCC_WARN_ABOUT_RETURN_TYPE = YES_ERROR;
				GCC_WARN_UNDECLARED_SELECTOR = YES;
				GCC_WARN_UNINITIALIZED_AUTOS = YES_AGGRESSIVE;
				GCC_WARN_UNUSED_FUNCTION = YES;
				GCC_WARN_UNUSED_VARIABLE = YES;
				IPHONEOS_DEPLOYMENT_TARGET = 10.3;
				MTL_ENABLE_DEBUG_INFO = YES;
				ONLY_ACTIVE_ARCH = YES;
				SDKROOT = iphoneos;
				SWIFT_ACTIVE_COMPILATION_CONDITIONS = DEBUG;
				SWIFT_OPTIMIZATION_LEVEL = "-Onone";
				TARGETED_DEVICE_FAMILY = "1,2";
			};
			name = Debug;
		};
		C9FE5D51200515AF004FEC9C /* Release */ = {
			isa = XCBuildConfiguration;
			buildSettings = {
				ALWAYS_SEARCH_USER_PATHS = NO;
				CLANG_ANALYZER_NONNULL = YES;
				CLANG_ANALYZER_NUMBER_OBJECT_CONVERSION = YES_AGGRESSIVE;
				CLANG_CXX_LANGUAGE_STANDARD = "gnu++0x";
				CLANG_CXX_LIBRARY = "libc++";
				CLANG_ENABLE_MODULES = YES;
				CLANG_ENABLE_OBJC_ARC = YES;
				CLANG_WARN_BOOL_CONVERSION = YES;
				CLANG_WARN_CONSTANT_CONVERSION = YES;
				CLANG_WARN_DIRECT_OBJC_ISA_USAGE = YES_ERROR;
				CLANG_WARN_DOCUMENTATION_COMMENTS = YES;
				CLANG_WARN_EMPTY_BODY = YES;
				CLANG_WARN_ENUM_CONVERSION = YES;
				CLANG_WARN_INFINITE_RECURSION = YES;
				CLANG_WARN_INT_CONVERSION = YES;
				CLANG_WARN_OBJC_ROOT_CLASS = YES_ERROR;
				CLANG_WARN_SUSPICIOUS_MOVE = YES;
				CLANG_WARN_UNREACHABLE_CODE = YES;
				CLANG_WARN__DUPLICATE_METHOD_MATCH = YES;
				"CODE_SIGN_IDENTITY[sdk=iphoneos*]" = "iPhone Developer";
				COPY_PHASE_STRIP = NO;
				DEBUG_INFORMATION_FORMAT = "dwarf-with-dsym";
				ENABLE_NS_ASSERTIONS = NO;
				ENABLE_STRICT_OBJC_MSGSEND = YES;
				GCC_C_LANGUAGE_STANDARD = gnu99;
				GCC_NO_COMMON_BLOCKS = YES;
				GCC_WARN_64_TO_32_BIT_CONVERSION = YES;
				GCC_WARN_ABOUT_RETURN_TYPE = YES_ERROR;
				GCC_WARN_UNDECLARED_SELECTOR = YES;
				GCC_WARN_UNINITIALIZED_AUTOS = YES_AGGRESSIVE;
				GCC_WARN_UNUSED_FUNCTION = YES;
				GCC_WARN_UNUSED_VARIABLE = YES;
				IPHONEOS_DEPLOYMENT_TARGET = 10.3;
				MTL_ENABLE_DEBUG_INFO = NO;
				SDKROOT = iphoneos;
				SWIFT_OPTIMIZATION_LEVEL = "-Owholemodule";
				TARGETED_DEVICE_FAMILY = "1,2";
				VALIDATE_PRODUCT = YES;
			};
			name = Release;
		};
		C9FE5D53200515AF004FEC9C /* Debug */ = {
			isa = XCBuildConfiguration;
			buildSettings = {
				ASSETCATALOG_COMPILER_APPICON_NAME = AppIcon;
				CLANG_ENABLE_MODULES = YES;
				DEVELOPMENT_TEAM = CTUTYD32Y3;
				INFOPLIST_FILE = Tarea2_RadioApp/Info.plist;
				LD_RUNPATH_SEARCH_PATHS = "$(inherited) @executable_path/Frameworks";
				PRODUCT_BUNDLE_IDENTIFIER = "digitalpark.io.Tarea2-RadioApp";
				PRODUCT_NAME = "$(TARGET_NAME)";
				SWIFT_OBJC_BRIDGING_HEADER = "Tarea2_RadioApp-Bridging-Header.h";
				SWIFT_OPTIMIZATION_LEVEL = "-Onone";
				SWIFT_VERSION = 3.0;
			};
			name = Debug;
		};
		C9FE5D54200515AF004FEC9C /* Release */ = {
			isa = XCBuildConfiguration;
			buildSettings = {
				ASSETCATALOG_COMPILER_APPICON_NAME = AppIcon;
				CLANG_ENABLE_MODULES = YES;
				DEVELOPMENT_TEAM = CTUTYD32Y3;
				INFOPLIST_FILE = Tarea2_RadioApp/Info.plist;
				LD_RUNPATH_SEARCH_PATHS = "$(inherited) @executable_path/Frameworks";
				PRODUCT_BUNDLE_IDENTIFIER = "digitalpark.io.Tarea2-RadioApp";
				PRODUCT_NAME = "$(TARGET_NAME)";
				SWIFT_OBJC_BRIDGING_HEADER = "Tarea2_RadioApp-Bridging-Header.h";
				SWIFT_VERSION = 3.0;
			};
			name = Release;
		};
/* End XCBuildConfiguration section */

/* Begin XCConfigurationList section */
		C9FE5D3B200515AF004FEC9C /* Build configuration list for PBXProject "Tarea2_RadioApp" */ = {
			isa = XCConfigurationList;
			buildConfigurations = (
				C9FE5D50200515AF004FEC9C /* Debug */,
				C9FE5D51200515AF004FEC9C /* Release */,
			);
			defaultConfigurationIsVisible = 0;
			defaultConfigurationName = Release;
		};
		C9FE5D52200515AF004FEC9C /* Build configuration list for PBXNativeTarget "Tarea2_RadioApp" */ = {
			isa = XCConfigurationList;
			buildConfigurations = (
				C9FE5D53200515AF004FEC9C /* Debug */,
				C9FE5D54200515AF004FEC9C /* Release */,
			);
			defaultConfigurationIsVisible = 0;
			defaultConfigurationName = Release;
		};
/* End XCConfigurationList section */
	};
	rootObject = C9FE5D38200515AF004FEC9C /* Project object */;
}
